
Microsoft Visual Studio Solution File, Format Version 10.00
# Visual Studio 2008
Project("{FAE04EC0-301F-11D3-BF4B-00C04F79EFBC}") = "SelfDC", "SelfDC.csproj", "{9841626C-95E0-47BD-BD8A-78F9461E658E}"
EndProject
Project("{FAE04EC0-301F-11D3-BF4B-00C04F79EFBC}") = "SelfDCRestore", "..\Motorola-Restore\SelfDCRestore.csproj", "{B62540D3-D3EB-4273-9107-4532EB14AF08}"
EndProject
Project("{B900F1C2-3D47-4FEC-85B3-04AAF18C3634}") = "Setup", "Setup.vddproj", "{2A8855DA-4290-44A0-B81B-6C1C41F561AF}"
EndProject
Global
	GlobalSection(SolutionConfigurationPlatforms) = preSolution
		Debug|Any CPU = Debug|Any CPU
		Release|Any CPU = Release|Any CPU
	EndGlobalSection
	GlobalSection(ProjectConfigurationPlatforms) = postSolution
		{9841626C-95E0-47BD-BD8A-78F9461E658E}.Debug|Any CPU.ActiveCfg = Debug|Any CPU
		{9841626C-95E0-47BD-BD8A-78F9461E658E}.Debug|Any CPU.Build.0 = Debug|Any CPU
		{9841626C-95E0-47BD-BD8A-78F9461E658E}.Debug|Any CPU.Deploy.0 = Debug|Any CPU
		{9841626C-95E0-47BD-BD8A-78F9461E658E}.Release|Any CPU.ActiveCfg = Release|Any CPU
		{9841626C-95E0-47BD-BD8A-78F9461E658E}.Release|Any CPU.Build.0 = Release|Any CPU
		{9841626C-95E0-47BD-BD8A-78F9461E658E}.Release|Any CPU.Deploy.0 = Release|Any CPU
		{B62540D3-D3EB-4273-9107-4532EB14AF08}.Debug|Any CPU.ActiveCfg = Debug|Any CPU
		{B62540D3-D3EB-4273-9107-4532EB14AF08}.Debug|Any CPU.Build.0 = Debug|Any CPU
		{B62540D3-D3EB-4273-9107-4532EB14AF08}.Debug|Any CPU.Deploy.0 = Debug|Any CPU
		{B62540D3-D3EB-4273-9107-4532EB14AF08}.Release|Any CPU.ActiveCfg = Release|Any CPU
		{B62540D3-D3EB-4273-9107-4532EB14AF08}.Release|Any CPU.Build.0 = Release|Any CPU
		{B62540D3-D3EB-4273-9107-4532EB14AF08}.Release|Any CPU.Deploy.0 = Release|Any CPU
		{2A8855DA-4290-44A0-B81B-6C1C41F561AF}.Debug|Any CPU.ActiveCfg = Debug
		{2A8855DA-4290-44A0-B81B-6C1C41F561AF}.Debug|Any CPU.Build.0 = Debug
		{2A8855DA-4290-44A0-B81B-6C1C41F561AF}.Release|Any CPU.ActiveCfg = Release
		{2A8855DA-4290-44A0-B81B-6C1C41F561AF}.Release|Any CPU.Build.0 = Release
	EndGlobalSection
	GlobalSection(SolutionProperties) = preSolution
		HideSolutionNode = FALSE
	EndGlobalSection
EndGlobal
