
Microsoft Visual Studio Solution File, Format Version 10.00
# Visual Studio 2008
Project("{FAE04EC0-301F-11D3-BF4B-00C04F79EFBC}") = "SelfDC", "SelfDC.csproj", "{9841626C-95E0-47BD-BD8A-78F9461E658E}"
EndProject
Project("{B900F1C2-3D47-4FEC-85B3-04AAF18C3634}") = "SelfDC-Setup", "SelfDC-Setup.vddproj", "{B6FC9B9A-C488-4E0F-A947-D545472F953A}"
EndProject
Global
	GlobalSection(SolutionConfigurationPlatforms) = preSolution
		Debug|Any CPU = Debug|Any CPU
		Release|Any CPU = Release|Any CPU
	EndGlobalSection
	GlobalSection(ProjectConfigurationPlatforms) = postSolution
		{9841626C-95E0-47BD-BD8A-78F9461E658E}.Debug|Any CPU.ActiveCfg = Debug|Any CPU
		{9841626C-95E0-47BD-BD8A-78F9461E658E}.Debug|Any CPU.Build.0 = Debug|Any CPU
		{9841626C-95E0-47BD-BD8A-78F9461E658E}.Debug|Any CPU.Deploy.0 = Debug|Any CPU
		{9841626C-95E0-47BD-BD8A-78F9461E658E}.Release|Any CPU.ActiveCfg = Release|Any CPU
		{9841626C-95E0-47BD-BD8A-78F9461E658E}.Release|Any CPU.Build.0 = Release|Any CPU
		{9841626C-95E0-47BD-BD8A-78F9461E658E}.Release|Any CPU.Deploy.0 = Release|Any CPU
		{B6FC9B9A-C488-4E0F-A947-D545472F953A}.Debug|Any CPU.ActiveCfg = Debug
		{B6FC9B9A-C488-4E0F-A947-D545472F953A}.Debug|Any CPU.Build.0 = Debug
		{B6FC9B9A-C488-4E0F-A947-D545472F953A}.Release|Any CPU.ActiveCfg = Release
		{B6FC9B9A-C488-4E0F-A947-D545472F953A}.Release|Any CPU.Build.0 = Release
	EndGlobalSection
	GlobalSection(SolutionProperties) = preSolution
		HideSolutionNode = FALSE
	EndGlobalSection
EndGlobal
